Microsoft Visual Studio Solution File, Format Version 12.00
# Visual Studio 15
VisualStudioVersion = 15.0.27130.2010
MinimumVisualStudioVersion = 10.0.40219.1
Project("{8BC9CEB8-8B4A-11D0-8D11-00A0C91BC942}") = "XPokerEval.CactusKev", "XPokerEval.CactusKev\XPokerEval.CactusKev.vcproj", "{816F7B61-FD47-4B5D-B699-0A63C2189EEB}"
	ProjectSection(ProjectDependencies) = postProject
		{337EFD44-E690-462C-81FB-1183CA4016F6} = {337EFD44-E690-462C-81FB-1183CA4016F6}
	EndProjectSection
EndProject
Project("{8BC9CEB8-8B4A-11D0-8D11-00A0C91BC942}") = "XPokerEval.CactusKev.Test", "XPokerEval.CactusKev.Test\XPokerEval.CactusKev.Test.vcproj", "{344E7DCC-FA9F-492E-9899-B82D13B9FC1F}"
	ProjectSection(ProjectDependencies) = postProject
		{816F7B61-FD47-4B5D-B699-0A63C2189EEB} = {816F7B61-FD47-4B5D-B699-0A63C2189EEB}
	EndProjectSection
EndProject
Project("{2150E333-8FDC-42A3-9474-1A3956D46DE8}") = "Solution Items", "Solution Items", "{BD553E28-5F27-4BFB-8C3E-C77789F42687}"
	ProjectSection(SolutionItems) = preProject
		ABOUT.TXT = ABOUT.TXT
	EndProjectSection
EndProject
Project("{8BC9CEB8-8B4A-11D0-8D11-00A0C91BC942}") = "XPokerEval.TwoPlusTwo", "XPokerEval.TwoPlusTwo\XPokerEval.TwoPlusTwo.vcxproj", "{AFA5FDFD-1126-49BD-84FB-542D2C3AEBD4}"
EndProject
Project("{8BC9CEB8-8B4A-11D0-8D11-00A0C91BC942}") = "XPokerEval.CactusKev.PerfectHash", "XPokerEval.CactusKev.PerfectHash\XPokerEval.CactusKev.PerfectHash.vcxproj", "{17F2701D-D627-4385-86D5-59AFBB0DE31F}"
EndProject
Project("{8BC9CEB8-8B4A-11D0-8D11-00A0C91BC942}") = "XPokerEval.RNG", "XPokerEval.RNG\XPokerEval.RNG.vcxproj", "{337EFD44-E690-462C-81FB-1183CA4016F6}"
EndProject
Project("{8BC9CEB8-8B4A-11D0-8D11-00A0C91BC942}") = "XPokerEval.TwoPlusTwo.Test", "XPokerEval.TwoPlusTwo.Test\XPokerEval.TwoPlusTwo.Test.vcproj", "{0536175E-2D91-4F98-B83E-E0D73D96B3BF}"
EndProject
Project("{8BC9CEB8-8B4A-11D0-8D11-00A0C91BC942}") = "XPokerEval.CactusKev.PerfectHash.Test", "XPokerEval.CactusKev.PerfectHash.Test\XPokerEval.CactusKev.PerfectHash.Test.vcproj", "{BBD25E4C-D77F-41CA-A285-C04B85FF08DB}"
	ProjectSection(ProjectDependencies) = postProject
		{17F2701D-D627-4385-86D5-59AFBB0DE31F} = {17F2701D-D627-4385-86D5-59AFBB0DE31F}
	EndProjectSection
EndProject
Project("{8BC9CEB8-8B4A-11D0-8D11-00A0C91BC942}") = "MonteCarlo", "MonteCarlo\MonteCarlo.vcxproj", "{983B7D59-AD44-4FFD-BCDD-F15166EF7A92}"
EndProject
Global
	GlobalSection(SolutionConfigurationPlatforms) = preSolution
		Debug|Any CPU = Debug|Any CPU
		Debug|Mixed Platforms = Debug|Mixed Platforms
		Debug|Win32 = Debug|Win32
		Debug|x64 = Debug|x64
		profile|Any CPU = profile|Any CPU
		profile|Mixed Platforms = profile|Mixed Platforms
		profile|Win32 = profile|Win32
		profile|x64 = profile|x64
		Release|Any CPU = Release|Any CPU
		Release|Mixed Platforms = Release|Mixed Platforms
		Release|Win32 = Release|Win32
		Release|x64 = Release|x64
	EndGlobalSection
	GlobalSection(ProjectConfigurationPlatforms) = postSolution
		{816F7B61-FD47-4B5D-B699-0A63C2189EEB}.Debug|Any CPU.ActiveCfg = Debug|Win32
		{816F7B61-FD47-4B5D-B699-0A63C2189EEB}.Debug|Mixed Platforms.ActiveCfg = Debug|Win32
		{816F7B61-FD47-4B5D-B699-0A63C2189EEB}.Debug|Mixed Platforms.Build.0 = Debug|Win32
		{816F7B61-FD47-4B5D-B699-0A63C2189EEB}.Debug|Win32.ActiveCfg = Debug|Win32
		{816F7B61-FD47-4B5D-B699-0A63C2189EEB}.Debug|Win32.Build.0 = Debug|Win32
		{816F7B61-FD47-4B5D-B699-0A63C2189EEB}.Debug|x64.ActiveCfg = Debug|Win32
		{816F7B61-FD47-4B5D-B699-0A63C2189EEB}.profile|Any CPU.ActiveCfg = Release|Win32
		{816F7B61-FD47-4B5D-B699-0A63C2189EEB}.profile|Mixed Platforms.ActiveCfg = Release|Win32
		{816F7B61-FD47-4B5D-B699-0A63C2189EEB}.profile|Mixed Platforms.Build.0 = Release|Win32
		{816F7B61-FD47-4B5D-B699-0A63C2189EEB}.profile|Win32.ActiveCfg = Release|Win32
		{816F7B61-FD47-4B5D-B699-0A63C2189EEB}.profile|Win32.Build.0 = Release|Win32
		{816F7B61-FD47-4B5D-B699-0A63C2189EEB}.profile|x64.ActiveCfg = Release|Win32
		{816F7B61-FD47-4B5D-B699-0A63C2189EEB}.Release|Any CPU.ActiveCfg = Release|Win32
		{816F7B61-FD47-4B5D-B699-0A63C2189EEB}.Release|Mixed Platforms.ActiveCfg = Release|Win32
		{816F7B61-FD47-4B5D-B699-0A63C2189EEB}.Release|Mixed Platforms.Build.0 = Release|Win32
		{816F7B61-FD47-4B5D-B699-0A63C2189EEB}.Release|Win32.ActiveCfg = Release|Win32
		{816F7B61-FD47-4B5D-B699-0A63C2189EEB}.Release|Win32.Build.0 = Release|Win32
		{816F7B61-FD47-4B5D-B699-0A63C2189EEB}.Release|x64.ActiveCfg = Release|Win32
		{344E7DCC-FA9F-492E-9899-B82D13B9FC1F}.Debug|Any CPU.ActiveCfg = Debug|Win32
		{344E7DCC-FA9F-492E-9899-B82D13B9FC1F}.Debug|Mixed Platforms.ActiveCfg = Debug|Win32
		{344E7DCC-FA9F-492E-9899-B82D13B9FC1F}.Debug|Mixed Platforms.Build.0 = Debug|Win32
		{344E7DCC-FA9F-492E-9899-B82D13B9FC1F}.Debug|Win32.ActiveCfg = Debug|Win32
		{344E7DCC-FA9F-492E-9899-B82D13B9FC1F}.Debug|Win32.Build.0 = Debug|Win32
		{344E7DCC-FA9F-492E-9899-B82D13B9FC1F}.Debug|x64.ActiveCfg = Debug|Win32
		{344E7DCC-FA9F-492E-9899-B82D13B9FC1F}.profile|Any CPU.ActiveCfg = Release|Win32
		{344E7DCC-FA9F-492E-9899-B82D13B9FC1F}.profile|Mixed Platforms.ActiveCfg = Release|Win32
		{344E7DCC-FA9F-492E-9899-B82D13B9FC1F}.profile|Mixed Platforms.Build.0 = Release|Win32
		{344E7DCC-FA9F-492E-9899-B82D13B9FC1F}.profile|Win32.ActiveCfg = Release|Win32
		{344E7DCC-FA9F-492E-9899-B82D13B9FC1F}.profile|Win32.Build.0 = Release|Win32
		{344E7DCC-FA9F-492E-9899-B82D13B9FC1F}.profile|x64.ActiveCfg = Release|Win32
		{344E7DCC-FA9F-492E-9899-B82D13B9FC1F}.Release|Any CPU.ActiveCfg = Release|Win32
		{344E7DCC-FA9F-492E-9899-B82D13B9FC1F}.Release|Mixed Platforms.ActiveCfg = Release|Win32
		{344E7DCC-FA9F-492E-9899-B82D13B9FC1F}.Release|Mixed Platforms.Build.0 = Release|Win32
		{344E7DCC-FA9F-492E-9899-B82D13B9FC1F}.Release|Win32.ActiveCfg = Release|Win32
		{344E7DCC-FA9F-492E-9899-B82D13B9FC1F}.Release|Win32.Build.0 = Release|Win32
		{344E7DCC-FA9F-492E-9899-B82D13B9FC1F}.Release|x64.ActiveCfg = Release|Win32
		{AFA5FDFD-1126-49BD-84FB-542D2C3AEBD4}.Debug|Any CPU.ActiveCfg = Debug|Win32
		{AFA5FDFD-1126-49BD-84FB-542D2C3AEBD4}.Debug|Mixed Platforms.ActiveCfg = Debug|Win32
		{AFA5FDFD-1126-49BD-84FB-542D2C3AEBD4}.Debug|Mixed Platforms.Build.0 = Debug|Win32
		{AFA5FDFD-1126-49BD-84FB-542D2C3AEBD4}.Debug|Win32.ActiveCfg = Debug|Win32
		{AFA5FDFD-1126-49BD-84FB-542D2C3AEBD4}.Debug|Win32.Build.0 = Debug|Win32
		{AFA5FDFD-1126-49BD-84FB-542D2C3AEBD4}.Debug|x64.ActiveCfg = Debug|Win32
		{AFA5FDFD-1126-49BD-84FB-542D2C3AEBD4}.profile|Any CPU.ActiveCfg = Release|Win32
		{AFA5FDFD-1126-49BD-84FB-542D2C3AEBD4}.profile|Mixed Platforms.ActiveCfg = Release|Win32
		{AFA5FDFD-1126-49BD-84FB-542D2C3AEBD4}.profile|Mixed Platforms.Build.0 = Release|Win32
		{AFA5FDFD-1126-49BD-84FB-542D2C3AEBD4}.profile|Win32.ActiveCfg = Release|Win32
		{AFA5FDFD-1126-49BD-84FB-542D2C3AEBD4}.profile|Win32.Build.0 = Release|Win32
		{AFA5FDFD-1126-49BD-84FB-542D2C3AEBD4}.profile|x64.ActiveCfg = Release|Win32
		{AFA5FDFD-1126-49BD-84FB-542D2C3AEBD4}.profile|x64.Build.0 = Release|Win32
		{AFA5FDFD-1126-49BD-84FB-542D2C3AEBD4}.Release|Any CPU.ActiveCfg = Release|Win32
		{AFA5FDFD-1126-49BD-84FB-542D2C3AEBD4}.Release|Mixed Platforms.ActiveCfg = Release|Win32
		{AFA5FDFD-1126-49BD-84FB-542D2C3AEBD4}.Release|Mixed Platforms.Build.0 = Release|Win32
		{AFA5FDFD-1126-49BD-84FB-542D2C3AEBD4}.Release|Win32.ActiveCfg = Release|Win32
		{AFA5FDFD-1126-49BD-84FB-542D2C3AEBD4}.Release|Win32.Build.0 = Release|Win32
		{AFA5FDFD-1126-49BD-84FB-542D2C3AEBD4}.Release|x64.ActiveCfg = Release|Win32
		{17F2701D-D627-4385-86D5-59AFBB0DE31F}.Debug|Any CPU.ActiveCfg = Debug|Win32
		{17F2701D-D627-4385-86D5-59AFBB0DE31F}.Debug|Mixed Platforms.ActiveCfg = Debug|Win32
		{17F2701D-D627-4385-86D5-59AFBB0DE31F}.Debug|Mixed Platforms.Build.0 = Debug|Win32
		{17F2701D-D627-4385-86D5-59AFBB0DE31F}.Debug|Win32.ActiveCfg = Debug|Win32
		{17F2701D-D627-4385-86D5-59AFBB0DE31F}.Debug|Win32.Build.0 = Debug|Win32
		{17F2701D-D627-4385-86D5-59AFBB0DE31F}.Debug|x64.ActiveCfg = Debug|Win32
		{17F2701D-D627-4385-86D5-59AFBB0DE31F}.profile|Any CPU.ActiveCfg = Release|Win32
		{17F2701D-D627-4385-86D5-59AFBB0DE31F}.profile|Mixed Platforms.ActiveCfg = Release|Win32
		{17F2701D-D627-4385-86D5-59AFBB0DE31F}.profile|Mixed Platforms.Build.0 = Release|Win32
		{17F2701D-D627-4385-86D5-59AFBB0DE31F}.profile|Win32.ActiveCfg = Release|Win32
		{17F2701D-D627-4385-86D5-59AFBB0DE31F}.profile|Win32.Build.0 = Release|Win32
		{17F2701D-D627-4385-86D5-59AFBB0DE31F}.profile|x64.ActiveCfg = Release|Win32
		{17F2701D-D627-4385-86D5-59AFBB0DE31F}.profile|x64.Build.0 = Release|Win32
		{17F2701D-D627-4385-86D5-59AFBB0DE31F}.Release|Any CPU.ActiveCfg = Release|Win32
		{17F2701D-D627-4385-86D5-59AFBB0DE31F}.Release|Mixed Platforms.ActiveCfg = Release|Win32
		{17F2701D-D627-4385-86D5-59AFBB0DE31F}.Release|Mixed Platforms.Build.0 = Release|Win32
		{17F2701D-D627-4385-86D5-59AFBB0DE31F}.Release|Win32.ActiveCfg = Release|Win32
		{17F2701D-D627-4385-86D5-59AFBB0DE31F}.Release|Win32.Build.0 = Release|Win32
		{17F2701D-D627-4385-86D5-59AFBB0DE31F}.Release|x64.ActiveCfg = Release|Win32
		{337EFD44-E690-462C-81FB-1183CA4016F6}.Debug|Any CPU.ActiveCfg = Debug|Win32
		{337EFD44-E690-462C-81FB-1183CA4016F6}.Debug|Mixed Platforms.ActiveCfg = Debug|Win32
		{337EFD44-E690-462C-81FB-1183CA4016F6}.Debug|Mixed Platforms.Build.0 = Debug|Win32
		{337EFD44-E690-462C-81FB-1183CA4016F6}.Debug|Win32.ActiveCfg = Debug|Win32
		{337EFD44-E690-462C-81FB-1183CA4016F6}.Debug|Win32.Build.0 = Debug|Win32
		{337EFD44-E690-462C-81FB-1183CA4016F6}.Debug|x64.ActiveCfg = Debug|Win32
		{337EFD44-E690-462C-81FB-1183CA4016F6}.profile|Any CPU.ActiveCfg = Release|Win32
		{337EFD44-E690-462C-81FB-1183CA4016F6}.profile|Mixed Platforms.ActiveCfg = Release|Win32
		{337EFD44-E690-462C-81FB-1183CA4016F6}.profile|Mixed Platforms.Build.0 = Release|Win32
		{337EFD44-E690-462C-81FB-1183CA4016F6}.profile|Win32.ActiveCfg = Release|Win32
		{337EFD44-E690-462C-81FB-1183CA4016F6}.profile|Win32.Build.0 = Release|Win32
		{337EFD44-E690-462C-81FB-1183CA4016F6}.profile|x64.ActiveCfg = Release|Win32
		{337EFD44-E690-462C-81FB-1183CA4016F6}.profile|x64.Build.0 = Release|Win32
		{337EFD44-E690-462C-81FB-1183CA4016F6}.Release|Any CPU.ActiveCfg = Release|Win32
		{337EFD44-E690-462C-81FB-1183CA4016F6}.Release|Mixed Platforms.ActiveCfg = Release|Win32
		{337EFD44-E690-462C-81FB-1183CA4016F6}.Release|Mixed Platforms.Build.0 = Release|Win32
		{337EFD44-E690-462C-81FB-1183CA4016F6}.Release|Win32.ActiveCfg = Release|Win32
		{337EFD44-E690-462C-81FB-1183CA4016F6}.Release|Win32.Build.0 = Release|Win32
		{337EFD44-E690-462C-81FB-1183CA4016F6}.Release|x64.ActiveCfg = Release|Win32
		{0536175E-2D91-4F98-B83E-E0D73D96B3BF}.Debug|Any CPU.ActiveCfg = Debug|Win32
		{0536175E-2D91-4F98-B83E-E0D73D96B3BF}.Debug|Mixed Platforms.ActiveCfg = Debug|Win32
		{0536175E-2D91-4F98-B83E-E0D73D96B3BF}.Debug|Mixed Platforms.Build.0 = Debug|Win32
		{0536175E-2D91-4F98-B83E-E0D73D96B3BF}.Debug|Win32.ActiveCfg = Debug|Win32
		{0536175E-2D91-4F98-B83E-E0D73D96B3BF}.Debug|Win32.Build.0 = Debug|Win32
		{0536175E-2D91-4F98-B83E-E0D73D96B3BF}.Debug|x64.ActiveCfg = Debug|Win32
		{0536175E-2D91-4F98-B83E-E0D73D96B3BF}.profile|Any CPU.ActiveCfg = Release|Win32
		{0536175E-2D91-4F98-B83E-E0D73D96B3BF}.profile|Mixed Platforms.ActiveCfg = Release|Win32
		{0536175E-2D91-4F98-B83E-E0D73D96B3BF}.profile|Mixed Platforms.Build.0 = Release|Win32
		{0536175E-2D91-4F98-B83E-E0D73D96B3BF}.profile|Win32.ActiveCfg = Release|Win32
		{0536175E-2D91-4F98-B83E-E0D73D96B3BF}.profile|Win32.Build.0 = Release|Win32
		{0536175E-2D91-4F98-B83E-E0D73D96B3BF}.profile|x64.ActiveCfg = Release|Win32
		{0536175E-2D91-4F98-B83E-E0D73D96B3BF}.Release|Any CPU.ActiveCfg = Release|Win32
		{0536175E-2D91-4F98-B83E-E0D73D96B3BF}.Release|Mixed Platforms.ActiveCfg = Release|Win32
		{0536175E-2D91-4F98-B83E-E0D73D96B3BF}.Release|Mixed Platforms.Build.0 = Release|Win32
		{0536175E-2D91-4F98-B83E-E0D73D96B3BF}.Release|Win32.ActiveCfg = Release|Win32
		{0536175E-2D91-4F98-B83E-E0D73D96B3BF}.Release|Win32.Build.0 = Release|Win32
		{0536175E-2D91-4F98-B83E-E0D73D96B3BF}.Release|x64.ActiveCfg = Release|Win32
		{BBD25E4C-D77F-41CA-A285-C04B85FF08DB}.Debug|Any CPU.ActiveCfg = Debug|Win32
		{BBD25E4C-D77F-41CA-A285-C04B85FF08DB}.Debug|Mixed Platforms.ActiveCfg = Debug|Win32
		{BBD25E4C-D77F-41CA-A285-C04B85FF08DB}.Debug|Mixed Platforms.Build.0 = Debug|Win32
		{BBD25E4C-D77F-41CA-A285-C04B85FF08DB}.Debug|Win32.ActiveCfg = Debug|Win32
		{BBD25E4C-D77F-41CA-A285-C04B85FF08DB}.Debug|Win32.Build.0 = Debug|Win32
		{BBD25E4C-D77F-41CA-A285-C04B85FF08DB}.Debug|x64.ActiveCfg = Debug|Win32
		{BBD25E4C-D77F-41CA-A285-C04B85FF08DB}.profile|Any CPU.ActiveCfg = Release|Win32
		{BBD25E4C-D77F-41CA-A285-C04B85FF08DB}.profile|Mixed Platforms.ActiveCfg = Release|Win32
		{BBD25E4C-D77F-41CA-A285-C04B85FF08DB}.profile|Mixed Platforms.Build.0 = Release|Win32
		{BBD25E4C-D77F-41CA-A285-C04B85FF08DB}.profile|Win32.ActiveCfg = Release|Win32
		{BBD25E4C-D77F-41CA-A285-C04B85FF08DB}.profile|Win32.Build.0 = Release|Win32
		{BBD25E4C-D77F-41CA-A285-C04B85FF08DB}.profile|x64.ActiveCfg = Release|Win32
		{BBD25E4C-D77F-41CA-A285-C04B85FF08DB}.Release|Any CPU.ActiveCfg = Release|Win32
		{BBD25E4C-D77F-41CA-A285-C04B85FF08DB}.Release|Mixed Platforms.ActiveCfg = Release|Win32
		{BBD25E4C-D77F-41CA-A285-C04B85FF08DB}.Release|Mixed Platforms.Build.0 = Release|Win32
		{BBD25E4C-D77F-41CA-A285-C04B85FF08DB}.Release|Win32.ActiveCfg = Release|Win32
		{BBD25E4C-D77F-41CA-A285-C04B85FF08DB}.Release|Win32.Build.0 = Release|Win32
		{BBD25E4C-D77F-41CA-A285-C04B85FF08DB}.Release|x64.ActiveCfg = Release|Win32
		{983B7D59-AD44-4FFD-BCDD-F15166EF7A92}.Debug|Any CPU.ActiveCfg = Debug|Win32
		{983B7D59-AD44-4FFD-BCDD-F15166EF7A92}.Debug|Mixed Platforms.ActiveCfg = Debug|Win32
		{983B7D59-AD44-4FFD-BCDD-F15166EF7A92}.Debug|Mixed Platforms.Build.0 = Debug|Win32
		{983B7D59-AD44-4FFD-BCDD-F15166EF7A92}.Debug|Win32.ActiveCfg = Debug|Win32
		{983B7D59-AD44-4FFD-BCDD-F15166EF7A92}.Debug|Win32.Build.0 = Debug|Win32
		{983B7D59-AD44-4FFD-BCDD-F15166EF7A92}.Debug|x64.ActiveCfg = Debug|x64
		{983B7D59-AD44-4FFD-BCDD-F15166EF7A92}.Debug|x64.Build.0 = Debug|x64
		{983B7D59-AD44-4FFD-BCDD-F15166EF7A92}.profile|Any CPU.ActiveCfg = Release|x64
		{983B7D59-AD44-4FFD-BCDD-F15166EF7A92}.profile|Any CPU.Build.0 = Release|x64
		{983B7D59-AD44-4FFD-BCDD-F15166EF7A92}.profile|Mixed Platforms.ActiveCfg = Release|Win32
		{983B7D59-AD44-4FFD-BCDD-F15166EF7A92}.profile|Mixed Platforms.Build.0 = Release|Win32
		{983B7D59-AD44-4FFD-BCDD-F15166EF7A92}.profile|Win32.ActiveCfg = Release|Win32
		{983B7D59-AD44-4FFD-BCDD-F15166EF7A92}.profile|Win32.Build.0 = Release|Win32
		{983B7D59-AD44-4FFD-BCDD-F15166EF7A92}.profile|x64.ActiveCfg = Release|x64
		{983B7D59-AD44-4FFD-BCDD-F15166EF7A92}.profile|x64.Build.0 = Release|x64
		{983B7D59-AD44-4FFD-BCDD-F15166EF7A92}.Release|Any CPU.ActiveCfg = Release|Win32
		{983B7D59-AD44-4FFD-BCDD-F15166EF7A92}.Release|Mixed Platforms.ActiveCfg = Release|Win32
		{983B7D59-AD44-4FFD-BCDD-F15166EF7A92}.Release|Mixed Platforms.Build.0 = Release|Win32
		{983B7D59-AD44-4FFD-BCDD-F15166EF7A92}.Release|Win32.ActiveCfg = Release|Win32
		{983B7D59-AD44-4FFD-BCDD-F15166EF7A92}.Release|Win32.Build.0 = Release|Win32
		{983B7D59-AD44-4FFD-BCDD-F15166EF7A92}.Release|x64.ActiveCfg = Release|x64
		{983B7D59-AD44-4FFD-BCDD-F15166EF7A92}.Release|x64.Build.0 = Release|x64
	EndGlobalSection
	GlobalSection(SolutionProperties) = preSolution
		HideSolutionNode = FALSE
	EndGlobalSection
	GlobalSection(ExtensibilityGlobals) = postSolution
		SolutionGuid = {7F25ED63-5F91-408B-BA4D-EB30492FCA08}
	EndGlobalSection
EndGlobal
